{
  "requires": true,
  "lockfileVersion": 1,
  "dependencies": {
    "@types/angular": {
      "version": "1.6.47",
      "resolved": "http://registry.npm.taobao.org/@types/angular/download/@types/angular-1.6.47.tgz",
      "integrity": "sha1-96MSeaAsCJLtmqdqri2hsXeRus0="
    },
    "@types/ng-grid": {
      "version": "0.0.30",
      "resolved": "http://registry.npm.taobao.org/@types/ng-grid/download/@types/ng-grid-0.0.30.tgz",
      "integrity": "sha1-hju6qcM0kfVJWJwz2TnnEWFp9os=",
      "requires": {
        "@types/angular": "1.6.47"
      }
    }
  }
}
